
Microsoft Visual Studio Solution File, Format Version 12.00
# Visual Studio Version 16
VisualStudioVersion = 16.0.30413.136
MinimumVisualStudioVersion = 10.0.40219.1
Project("{FAE04EC0-301F-11D3-BF4B-00C04F79EFBC}") = "POS2QB_Console", "POS2QB_Console\POS2QB_Console.csproj", "{96E01826-3022-44E6-96C7-72ED5DDD33BB}"
EndProject
Global
	GlobalSection(SolutionConfigurationPlatforms) = preSolution
		Debug|Any CPU = Debug|Any CPU
		Release|Any CPU = Release|Any CPU
	EndGlobalSection
	GlobalSection(ProjectConfigurationPlatforms) = postSolution
		{96E01826-3022-44E6-96C7-72ED5DDD33BB}.Debug|Any CPU.ActiveCfg = Debug|Any CPU
		{96E01826-3022-44E6-96C7-72ED5DDD33BB}.Debug|Any CPU.Build.0 = Debug|Any CPU
		{96E01826-3022-44E6-96C7-72ED5DDD33BB}.Release|Any CPU.ActiveCfg = Release|Any CPU
		{96E01826-3022-44E6-96C7-72ED5DDD33BB}.Release|Any CPU.Build.0 = Release|Any CPU
	EndGlobalSection
	GlobalSection(SolutionProperties) = preSolution
		HideSolutionNode = FALSE
	EndGlobalSection
	GlobalSection(ExtensibilityGlobals) = postSolution
		SolutionGuid = {5E85FF78-42EF-4DAB-AA8A-2E7E1AF9D108}
	EndGlobalSection
EndGlobal
